
Microsoft Visual Studio Solution File, Format Version 12.00
# Visual Studio Version 17
VisualStudioVersion = 17.12.35707.178 d17.12
MinimumVisualStudioVersion = 10.0.40219.1
Project("{FAE04EC0-301F-11D3-BF4B-00C04F79EFBC}") = "Lorena_TestTask", "Lorena_TestTask\Lorena_TestTask.csproj", "{315CA017-8AD1-41B8-82F7-E2F8CD256D23}"
EndProject
Project("{FAE04EC0-301F-11D3-BF4B-00C04F79EFBC}") = "Lorena_TestTask.Tests", "Lorena_TestTask.Tests\Lorena_TestTask.Tests.csproj", "{EAB406CE-79E7-440C-A275-7CD7490C8658}"
EndProject
Global
	GlobalSection(SolutionConfigurationPlatforms) = preSolution
		Debug|Any CPU = Debug|Any CPU
		Release|Any CPU = Release|Any CPU
	EndGlobalSection
	GlobalSection(ProjectConfigurationPlatforms) = postSolution
		{315CA017-8AD1-41B8-82F7-E2F8CD256D23}.Debug|Any CPU.ActiveCfg = Debug|Any CPU
		{315CA017-8AD1-41B8-82F7-E2F8CD256D23}.Debug|Any CPU.Build.0 = Debug|Any CPU
		{315CA017-8AD1-41B8-82F7-E2F8CD256D23}.Release|Any CPU.ActiveCfg = Release|Any CPU
		{315CA017-8AD1-41B8-82F7-E2F8CD256D23}.Release|Any CPU.Build.0 = Release|Any CPU
		{EAB406CE-79E7-440C-A275-7CD7490C8658}.Debug|Any CPU.ActiveCfg = Debug|Any CPU
		{EAB406CE-79E7-440C-A275-7CD7490C8658}.Debug|Any CPU.Build.0 = Debug|Any CPU
		{EAB406CE-79E7-440C-A275-7CD7490C8658}.Release|Any CPU.ActiveCfg = Release|Any CPU
		{EAB406CE-79E7-440C-A275-7CD7490C8658}.Release|Any CPU.Build.0 = Release|Any CPU
	EndGlobalSection
	GlobalSection(SolutionProperties) = preSolution
		HideSolutionNode = FALSE
	EndGlobalSection
EndGlobal
